
Microsoft Visual Studio Solution File, Format Version 12.00
# Visual Studio Version 17
VisualStudioVersion = 17.0.31815.197
MinimumVisualStudioVersion = 10.0.40219.1
Project("{2150E333-8FDC-42A3-9474-1A3956D46DE8}") = "src", "src", "{2F0E102B-EB33-4025-BE56-7B8F9D2C4B8A}"
EndProject
Project("{2150E333-8FDC-42A3-9474-1A3956D46DE8}") = "test", "test", "{F994C269-55BA-44F0-9DA7-6D5A3CFA79EB}"
EndProject
Project("{2150E333-8FDC-42A3-9474-1A3956D46DE8}") = "sample", "sample", "{B1F86961-6958-4617-ACA4-C231F95AE099}"
EndProject
Project("{9A19103F-16F7-4668-BE54-9A1E7A4F7556}") = "ODataRoutingSample", "sample\ODataRoutingSample\ODataRoutingSample.csproj", "{A949AA11-2C07-490C-8F07-8A87A2B2E0B8}"
EndProject
Project("{9A19103F-16F7-4668-BE54-9A1E7A4F7556}") = "Microsoft.AspNetCore.OData", "src\Microsoft.AspNetCore.OData\Microsoft.AspNetCore.OData.csproj", "{02F8B058-E703-4BF4-A7BB-96FF68355F14}"
EndProject
Project("{9A19103F-16F7-4668-BE54-9A1E7A4F7556}") = "Microsoft.AspNetCore.OData.Tests", "test\Microsoft.AspNetCore.OData.Tests\Microsoft.AspNetCore.OData.Tests.csproj", "{FF17DFD5-7ED0-433F-8DD9-4576E0CFFFBA}"
EndProject
Project("{9A19103F-16F7-4668-BE54-9A1E7A4F7556}") = "Microsoft.AspNetCore.OData.E2E.Tests", "test\Microsoft.AspNetCore.OData.E2E.Tests\Microsoft.AspNetCore.OData.E2E.Tests.csproj", "{E428817E-A93C-4C1F-9D20-F5CA8C3627C1}"
EndProject
Project("{9A19103F-16F7-4668-BE54-9A1E7A4F7556}") = "Microsoft.AspNetCore.OData.TestCommon", "test\Microsoft.AspNetCore.OData.TestCommon\Microsoft.AspNetCore.OData.TestCommon.csproj", "{9DB7ACCB-79CC-495C-A145-BC50A7733A21}"
EndProject
Project("{9A19103F-16F7-4668-BE54-9A1E7A4F7556}") = "ODataCustomizedSample", "sample\ODataCustomizedSample\ODataCustomizedSample.csproj", "{BDC5474B-9511-4CDF-83FE-376C7130F7F0}"
EndProject
Project("{9A19103F-16F7-4668-BE54-9A1E7A4F7556}") = "ODataDynamicModel", "sample\ODataDynamicModel\ODataDynamicModel.csproj", "{CE04E38B-547F-46C0-ABE4-F981E3A1874F}"
EndProject
Project("{9A19103F-16F7-4668-BE54-9A1E7A4F7556}") = "ODataSampleCommon", "sample\ODataSampleCommon\ODataSampleCommon.csproj", "{647EFCFA-55A7-4F0A-AD40-4B6EB1BFCFFA}"
EndProject
Project("{9A19103F-16F7-4668-BE54-9A1E7A4F7556}") = "ODataAlternateKeySample", "sample\ODataAlternateKeySample\ODataAlternateKeySample.csproj", "{7B153669-A42F-4511-8BDB-587B3B27B2F3}"
EndProject
Global
	GlobalSection(SolutionConfigurationPlatforms) = preSolution
		Debug|Any CPU = Debug|Any CPU
		Release|Any CPU = Release|Any CPU
	EndGlobalSection
	GlobalSection(ProjectConfigurationPlatforms) = postSolution
		{A949AA11-2C07-490C-8F07-8A87A2B2E0B8}.Debug|Any CPU.ActiveCfg = Debug|Any CPU
		{A949AA11-2C07-490C-8F07-8A87A2B2E0B8}.Debug|Any CPU.Build.0 = Debug|Any CPU
		{A949AA11-2C07-490C-8F07-8A87A2B2E0B8}.Release|Any CPU.ActiveCfg = Release|Any CPU
		{A949AA11-2C07-490C-8F07-8A87A2B2E0B8}.Release|Any CPU.Build.0 = Release|Any CPU
		{02F8B058-E703-4BF4-A7BB-96FF68355F14}.Debug|Any CPU.ActiveCfg = Debug|Any CPU
		{02F8B058-E703-4BF4-A7BB-96FF68355F14}.Debug|Any CPU.Build.0 = Debug|Any CPU
		{02F8B058-E703-4BF4-A7BB-96FF68355F14}.Release|Any CPU.ActiveCfg = Release|Any CPU
		{02F8B058-E703-4BF4-A7BB-96FF68355F14}.Release|Any CPU.Build.0 = Release|Any CPU
		{FF17DFD5-7ED0-433F-8DD9-4576E0CFFFBA}.Debug|Any CPU.ActiveCfg = Debug|Any CPU
		{FF17DFD5-7ED0-433F-8DD9-4576E0CFFFBA}.Debug|Any CPU.Build.0 = Debug|Any CPU
		{FF17DFD5-7ED0-433F-8DD9-4576E0CFFFBA}.Release|Any CPU.ActiveCfg = Release|Any CPU
		{FF17DFD5-7ED0-433F-8DD9-4576E0CFFFBA}.Release|Any CPU.Build.0 = Release|Any CPU
		{E428817E-A93C-4C1F-9D20-F5CA8C3627C1}.Debug|Any CPU.ActiveCfg = Debug|Any CPU
		{E428817E-A93C-4C1F-9D20-F5CA8C3627C1}.Debug|Any CPU.Build.0 = Debug|Any CPU
		{E428817E-A93C-4C1F-9D20-F5CA8C3627C1}.Release|Any CPU.ActiveCfg = Release|Any CPU
		{E428817E-A93C-4C1F-9D20-F5CA8C3627C1}.Release|Any CPU.Build.0 = Release|Any CPU
		{9DB7ACCB-79CC-495C-A145-BC50A7733A21}.Debug|Any CPU.ActiveCfg = Debug|Any CPU
		{9DB7ACCB-79CC-495C-A145-BC50A7733A21}.Debug|Any CPU.Build.0 = Debug|Any CPU
		{9DB7ACCB-79CC-495C-A145-BC50A7733A21}.Release|Any CPU.ActiveCfg = Release|Any CPU
		{9DB7ACCB-79CC-495C-A145-BC50A7733A21}.Release|Any CPU.Build.0 = Release|Any CPU
		{BDC5474B-9511-4CDF-83FE-376C7130F7F0}.Debug|Any CPU.ActiveCfg = Debug|Any CPU
		{BDC5474B-9511-4CDF-83FE-376C7130F7F0}.Debug|Any CPU.Build.0 = Debug|Any CPU
		{BDC5474B-9511-4CDF-83FE-376C7130F7F0}.Release|Any CPU.ActiveCfg = Release|Any CPU
		{BDC5474B-9511-4CDF-83FE-376C7130F7F0}.Release|Any CPU.Build.0 = Release|Any CPU
		{CE04E38B-547F-46C0-ABE4-F981E3A1874F}.Debug|Any CPU.ActiveCfg = Debug|Any CPU
		{CE04E38B-547F-46C0-ABE4-F981E3A1874F}.Debug|Any CPU.Build.0 = Debug|Any CPU
		{CE04E38B-547F-46C0-ABE4-F981E3A1874F}.Release|Any CPU.ActiveCfg = Release|Any CPU
		{CE04E38B-547F-46C0-ABE4-F981E3A1874F}.Release|Any CPU.Build.0 = Release|Any CPU
		{647EFCFA-55A7-4F0A-AD40-4B6EB1BFCFFA}.Debug|Any CPU.ActiveCfg = Debug|Any CPU
		{647EFCFA-55A7-4F0A-AD40-4B6EB1BFCFFA}.Debug|Any CPU.Build.0 = Debug|Any CPU
		{647EFCFA-55A7-4F0A-AD40-4B6EB1BFCFFA}.Release|Any CPU.ActiveCfg = Release|Any CPU
		{647EFCFA-55A7-4F0A-AD40-4B6EB1BFCFFA}.Release|Any CPU.Build.0 = Release|Any CPU
		{7B153669-A42F-4511-8BDB-587B3B27B2F3}.Debug|Any CPU.ActiveCfg = Debug|Any CPU
		{7B153669-A42F-4511-8BDB-587B3B27B2F3}.Debug|Any CPU.Build.0 = Debug|Any CPU
		{7B153669-A42F-4511-8BDB-587B3B27B2F3}.Release|Any CPU.ActiveCfg = Release|Any CPU
		{7B153669-A42F-4511-8BDB-587B3B27B2F3}.Release|Any CPU.Build.0 = Release|Any CPU
	EndGlobalSection
	GlobalSection(SolutionProperties) = preSolution
		HideSolutionNode = FALSE
	EndGlobalSection
	GlobalSection(NestedProjects) = preSolution
		{A949AA11-2C07-490C-8F07-8A87A2B2E0B8} = {B1F86961-6958-4617-ACA4-C231F95AE099}
		{02F8B058-E703-4BF4-A7BB-96FF68355F14} = {2F0E102B-EB33-4025-BE56-7B8F9D2C4B8A}
		{FF17DFD5-7ED0-433F-8DD9-4576E0CFFFBA} = {F994C269-55BA-44F0-9DA7-6D5A3CFA79EB}
		{E428817E-A93C-4C1F-9D20-F5CA8C3627C1} = {F994C269-55BA-44F0-9DA7-6D5A3CFA79EB}
		{9DB7ACCB-79CC-495C-A145-BC50A7733A21} = {F994C269-55BA-44F0-9DA7-6D5A3CFA79EB}
		{BDC5474B-9511-4CDF-83FE-376C7130F7F0} = {B1F86961-6958-4617-ACA4-C231F95AE099}
		{CE04E38B-547F-46C0-ABE4-F981E3A1874F} = {B1F86961-6958-4617-ACA4-C231F95AE099}
		{647EFCFA-55A7-4F0A-AD40-4B6EB1BFCFFA} = {B1F86961-6958-4617-ACA4-C231F95AE099}
		{7B153669-A42F-4511-8BDB-587B3B27B2F3} = {B1F86961-6958-4617-ACA4-C231F95AE099}
	EndGlobalSection
	GlobalSection(ExtensibilityGlobals) = postSolution
		SolutionGuid = {540C9752-AAC0-49EA-BA60-78490C90FF86}
	EndGlobalSection
EndGlobal
